
Microsoft Visual Studio Solution File, Format Version 12.00
# Visual Studio Version 16
VisualStudioVersion = 16.0.31624.102
MinimumVisualStudioVersion = 10.0.40219.1
Project("{2150E333-8FDC-42A3-9474-1A3956D46DE8}") = "src", "src", "{09E2B6B6-14BA-49E5-A7A0-32FFBA60177F}"
EndProject
Project("{2150E333-8FDC-42A3-9474-1A3956D46DE8}") = "test", "test", "{DF6B4E58-4720-40F0-BA05-E521D684664D}"
EndProject
Project("{FAE04EC0-301F-11D3-BF4B-00C04F79EFBC}") = "WebApi", "src\WebApi\WebApi.csproj", "{94F43122-A61F-4EEA-B4F3-8FFE8C8C166C}"
EndProject
Project("{FAE04EC0-301F-11D3-BF4B-00C04F79EFBC}") = "Domain", "src\Domain\Domain\Domain.csproj", "{22F24536-DA1C-4B89-B63E-4963F77D2D4D}"
EndProject
Project("{FAE04EC0-301F-11D3-BF4B-00C04F79EFBC}") = "Application", "src\Application\Application\Application.csproj", "{F1C9631E-AFF0-4345-9261-98E24256E40E}"
EndProject
Project("{FAE04EC0-301F-11D3-BF4B-00C04F79EFBC}") = "Infrastructure", "src\Infrastructure\Infrastructure\Infrastructure.csproj", "{D4448C13-F0B1-48E8-BE37-F64F4B2E36FC}"
EndProject
Global
	GlobalSection(SolutionConfigurationPlatforms) = preSolution
		Debug|Any CPU = Debug|Any CPU
		Release|Any CPU = Release|Any CPU
	EndGlobalSection
	GlobalSection(ProjectConfigurationPlatforms) = postSolution
		{94F43122-A61F-4EEA-B4F3-8FFE8C8C166C}.Debug|Any CPU.ActiveCfg = Debug|Any CPU
		{94F43122-A61F-4EEA-B4F3-8FFE8C8C166C}.Debug|Any CPU.Build.0 = Debug|Any CPU
		{94F43122-A61F-4EEA-B4F3-8FFE8C8C166C}.Release|Any CPU.ActiveCfg = Release|Any CPU
		{94F43122-A61F-4EEA-B4F3-8FFE8C8C166C}.Release|Any CPU.Build.0 = Release|Any CPU
		{22F24536-DA1C-4B89-B63E-4963F77D2D4D}.Debug|Any CPU.ActiveCfg = Debug|Any CPU
		{22F24536-DA1C-4B89-B63E-4963F77D2D4D}.Debug|Any CPU.Build.0 = Debug|Any CPU
		{22F24536-DA1C-4B89-B63E-4963F77D2D4D}.Release|Any CPU.ActiveCfg = Release|Any CPU
		{22F24536-DA1C-4B89-B63E-4963F77D2D4D}.Release|Any CPU.Build.0 = Release|Any CPU
		{F1C9631E-AFF0-4345-9261-98E24256E40E}.Debug|Any CPU.ActiveCfg = Debug|Any CPU
		{F1C9631E-AFF0-4345-9261-98E24256E40E}.Debug|Any CPU.Build.0 = Debug|Any CPU
		{F1C9631E-AFF0-4345-9261-98E24256E40E}.Release|Any CPU.ActiveCfg = Release|Any CPU
		{F1C9631E-AFF0-4345-9261-98E24256E40E}.Release|Any CPU.Build.0 = Release|Any CPU
		{D4448C13-F0B1-48E8-BE37-F64F4B2E36FC}.Debug|Any CPU.ActiveCfg = Debug|Any CPU
		{D4448C13-F0B1-48E8-BE37-F64F4B2E36FC}.Debug|Any CPU.Build.0 = Debug|Any CPU
		{D4448C13-F0B1-48E8-BE37-F64F4B2E36FC}.Release|Any CPU.ActiveCfg = Release|Any CPU
		{D4448C13-F0B1-48E8-BE37-F64F4B2E36FC}.Release|Any CPU.Build.0 = Release|Any CPU
	EndGlobalSection
	GlobalSection(SolutionProperties) = preSolution
		HideSolutionNode = FALSE
	EndGlobalSection
	GlobalSection(NestedProjects) = preSolution
		{94F43122-A61F-4EEA-B4F3-8FFE8C8C166C} = {09E2B6B6-14BA-49E5-A7A0-32FFBA60177F}
		{22F24536-DA1C-4B89-B63E-4963F77D2D4D} = {09E2B6B6-14BA-49E5-A7A0-32FFBA60177F}
		{F1C9631E-AFF0-4345-9261-98E24256E40E} = {09E2B6B6-14BA-49E5-A7A0-32FFBA60177F}
		{D4448C13-F0B1-48E8-BE37-F64F4B2E36FC} = {09E2B6B6-14BA-49E5-A7A0-32FFBA60177F}
	EndGlobalSection
	GlobalSection(ExtensibilityGlobals) = postSolution
		SolutionGuid = {7CD47778-F85C-44D4-A879-8571277E4E34}
	EndGlobalSection
EndGlobal
